github.com/tovenja/cron/v3 v3.0.2 h1:yaO0K99CnERpXJHPuT5KwvnqVO3Sj2lV60tYk8CHrYI=
github.com/tovenja/cron/v3 v3.0.2/go.mod h1:JAwtj0s1YprNovUWfeshFmmQ1VrWvKvYrzMekQq92Kk=
golang.org/x/exp v0.0.0-20230223210539-50820d90acfd h1:wtFuj4DoOcAdb82Zh2PI90xiaqgp7maYA7KxjQXVtkY=
golang.org/x/exp v0.0.0-20230223210539-50820d90acfd/go.mod h1:CxIveKay+FTh1D0yPZemJVgC/95VzuuOLq5Qi4xnoYc=
